
Microsoft Visual Studio Solution File, Format Version 12.00
# Visual Studio Version 17
VisualStudioVersion = 17.0.31903.59
MinimumVisualStudioVersion = 10.0.40219.1
Project("{2150E333-8FDC-42A3-9474-1A3956D46DE8}") = "src", "src", "{B91F03A4-CE86-4186-93B4-72CB4B9F167F}"
EndProject
Project("{2150E333-8FDC-42A3-9474-1A3956D46DE8}") = "1 - presentation", "1 - presentation", "{162BA77D-54F0-4A1C-97C1-DC431810735C}"
EndProject
Project("{FAE04EC0-301F-11D3-BF4B-00C04F79EFBC}") = "Dometrain.Movies.WebService", "src\apps\Dometrain.Movies.WebService\Dometrain.Movies.WebService.csproj", "{A16252A6-0703-4B9A-BCD5-124FEDE8E727}"
EndProject
Project("{2150E333-8FDC-42A3-9474-1A3956D46DE8}") = "2 - Application", "2 - Application", "{F22BD6EC-9F72-4660-B3B2-989C207EB808}"
EndProject
Project("{FAE04EC0-301F-11D3-BF4B-00C04F79EFBC}") = "Dometrain.Movies.Application", "src\shared\Dometrain.Movies.Application\Dometrain.Movies.Application.csproj", "{9FFE0B76-C1A7-485C-819F-1429C1C887AD}"
EndProject
Project("{FAE04EC0-301F-11D3-BF4B-00C04F79EFBC}") = "Dometrain.Movies.ApplicationAbstractions", "src\shared\Dometrain.Movies.ApplicationAbstractions\Dometrain.Movies.ApplicationAbstractions.csproj", "{23E9288B-DE3E-4B8F-92FC-1EADA5A66739}"
EndProject
Project("{FAE04EC0-301F-11D3-BF4B-00C04F79EFBC}") = "Dometrain.Movies.Domain", "src\shared\Dometrain.Movies.Domain\Dometrain.Movies.Domain.csproj", "{7FCAFA0A-081D-426E-8ED1-4FBEC14FA286}"
EndProject
Project("{2150E333-8FDC-42A3-9474-1A3956D46DE8}") = "3 - Adapters", "3 - Adapters", "{A0A5D6FC-F403-441D-B615-8EBF61B1B94A}"
EndProject
Project("{FAE04EC0-301F-11D3-BF4B-00C04F79EFBC}") = "Dometrain.Movies.InMemoryDataStore", "src\adapters\Dometrain.Movies.InMemoryDataStore\Dometrain.Movies.InMemoryDataStore.csproj", "{80279C06-4AF1-4854-9176-604CA2A4FCB7}"
EndProject
Global
	GlobalSection(SolutionConfigurationPlatforms) = preSolution
		Debug|Any CPU = Debug|Any CPU
		Release|Any CPU = Release|Any CPU
	EndGlobalSection
	GlobalSection(ProjectConfigurationPlatforms) = postSolution
		{A16252A6-0703-4B9A-BCD5-124FEDE8E727}.Debug|Any CPU.ActiveCfg = Debug|Any CPU
		{A16252A6-0703-4B9A-BCD5-124FEDE8E727}.Debug|Any CPU.Build.0 = Debug|Any CPU
		{A16252A6-0703-4B9A-BCD5-124FEDE8E727}.Release|Any CPU.ActiveCfg = Release|Any CPU
		{A16252A6-0703-4B9A-BCD5-124FEDE8E727}.Release|Any CPU.Build.0 = Release|Any CPU
		{9FFE0B76-C1A7-485C-819F-1429C1C887AD}.Debug|Any CPU.ActiveCfg = Debug|Any CPU
		{9FFE0B76-C1A7-485C-819F-1429C1C887AD}.Debug|Any CPU.Build.0 = Debug|Any CPU
		{9FFE0B76-C1A7-485C-819F-1429C1C887AD}.Release|Any CPU.ActiveCfg = Release|Any CPU
		{9FFE0B76-C1A7-485C-819F-1429C1C887AD}.Release|Any CPU.Build.0 = Release|Any CPU
		{23E9288B-DE3E-4B8F-92FC-1EADA5A66739}.Debug|Any CPU.ActiveCfg = Debug|Any CPU
		{23E9288B-DE3E-4B8F-92FC-1EADA5A66739}.Debug|Any CPU.Build.0 = Debug|Any CPU
		{23E9288B-DE3E-4B8F-92FC-1EADA5A66739}.Release|Any CPU.ActiveCfg = Release|Any CPU
		{23E9288B-DE3E-4B8F-92FC-1EADA5A66739}.Release|Any CPU.Build.0 = Release|Any CPU
		{7FCAFA0A-081D-426E-8ED1-4FBEC14FA286}.Debug|Any CPU.ActiveCfg = Debug|Any CPU
		{7FCAFA0A-081D-426E-8ED1-4FBEC14FA286}.Debug|Any CPU.Build.0 = Debug|Any CPU
		{7FCAFA0A-081D-426E-8ED1-4FBEC14FA286}.Release|Any CPU.ActiveCfg = Release|Any CPU
		{7FCAFA0A-081D-426E-8ED1-4FBEC14FA286}.Release|Any CPU.Build.0 = Release|Any CPU
		{80279C06-4AF1-4854-9176-604CA2A4FCB7}.Debug|Any CPU.ActiveCfg = Debug|Any CPU
		{80279C06-4AF1-4854-9176-604CA2A4FCB7}.Debug|Any CPU.Build.0 = Debug|Any CPU
		{80279C06-4AF1-4854-9176-604CA2A4FCB7}.Release|Any CPU.ActiveCfg = Release|Any CPU
		{80279C06-4AF1-4854-9176-604CA2A4FCB7}.Release|Any CPU.Build.0 = Release|Any CPU
	EndGlobalSection
	GlobalSection(SolutionProperties) = preSolution
		HideSolutionNode = FALSE
	EndGlobalSection
	GlobalSection(NestedProjects) = preSolution
		{162BA77D-54F0-4A1C-97C1-DC431810735C} = {B91F03A4-CE86-4186-93B4-72CB4B9F167F}
		{A16252A6-0703-4B9A-BCD5-124FEDE8E727} = {162BA77D-54F0-4A1C-97C1-DC431810735C}
		{F22BD6EC-9F72-4660-B3B2-989C207EB808} = {B91F03A4-CE86-4186-93B4-72CB4B9F167F}
		{9FFE0B76-C1A7-485C-819F-1429C1C887AD} = {F22BD6EC-9F72-4660-B3B2-989C207EB808}
		{23E9288B-DE3E-4B8F-92FC-1EADA5A66739} = {F22BD6EC-9F72-4660-B3B2-989C207EB808}
		{7FCAFA0A-081D-426E-8ED1-4FBEC14FA286} = {F22BD6EC-9F72-4660-B3B2-989C207EB808}
		{A0A5D6FC-F403-441D-B615-8EBF61B1B94A} = {B91F03A4-CE86-4186-93B4-72CB4B9F167F}
		{80279C06-4AF1-4854-9176-604CA2A4FCB7} = {A0A5D6FC-F403-441D-B615-8EBF61B1B94A}
	EndGlobalSection
EndGlobal
