
Microsoft Visual Studio Solution File, Format Version 12.00
# Visual Studio Version 17
VisualStudioVersion = 17.0.31903.59
MinimumVisualStudioVersion = 10.0.40219.1
Project("{2150E333-8FDC-42A3-9474-1A3956D46DE8}") = "src", "src", "{3E1B952D-2D6B-4CF1-9444-C4CD32521721}"
EndProject
Project("{FAE04EC0-301F-11D3-BF4B-00C04F79EFBC}") = "Dometrain.Movies.WebService", "src\apps\Dometrain.Movies.WebService\Dometrain.Movies.WebService.csproj", "{D60AA511-F81A-4B24-BFE8-BBFE2FB27D67}"
EndProject
Project("{FAE04EC0-301F-11D3-BF4B-00C04F79EFBC}") = "Dometrain.Movies.Application", "src\shared\Dometrain.Movies.Application\Dometrain.Movies.Application.csproj", "{4CE9E6CE-8451-4107-B363-E0B9169F0B2D}"
EndProject
Project("{FAE04EC0-301F-11D3-BF4B-00C04F79EFBC}") = "Dometrain.Movies.ApplicationAbstractions", "src\shared\Dometrain.Movies.ApplicationAbstractions\Dometrain.Movies.ApplicationAbstractions.csproj", "{700E00B5-BBC8-4E4D-AAAC-E819847D9767}"
EndProject
Project("{2150E333-8FDC-42A3-9474-1A3956D46DE8}") = "0 - Presentation", "0 - Presentation", "{CCDF2351-0266-4D81-B9E8-1E5E8D1CAC2D}"
EndProject
Project("{2150E333-8FDC-42A3-9474-1A3956D46DE8}") = "1 - Application", "1 - Application", "{683D9163-B033-4E4C-90D9-30BAB8A3887D}"
EndProject
Project("{2150E333-8FDC-42A3-9474-1A3956D46DE8}") = "2 - Core", "2 - Core", "{34492624-8C2C-47E3-A8FA-64386623F3B3}"
EndProject
Project("{2150E333-8FDC-42A3-9474-1A3956D46DE8}") = "3 -Adapters", "3 -Adapters", "{238CD7D9-05E9-464F-AC54-683B73F32BE3}"
EndProject
Project("{FAE04EC0-301F-11D3-BF4B-00C04F79EFBC}") = "Dometrain.Movies.InMemoryDataStore", "src\adapters\Dometrain.Movies.InMemoryDataStore\Dometrain.Movies.InMemoryDataStore.csproj", "{35A93F64-750A-40F4-BD36-59AEB42B1FDB}"
EndProject
Project("{FAE04EC0-301F-11D3-BF4B-00C04F79EFBC}") = "Dometrain.Movies.Domain", "src\shared\Dometrain.Movies.Domain\Dometrain.Movies.Domain.csproj", "{D3929D48-C5E8-4BB6-95A5-D94534DC83AE}"
EndProject
Global
	GlobalSection(SolutionConfigurationPlatforms) = preSolution
		Debug|Any CPU = Debug|Any CPU
		Release|Any CPU = Release|Any CPU
	EndGlobalSection
	GlobalSection(ProjectConfigurationPlatforms) = postSolution
		{D60AA511-F81A-4B24-BFE8-BBFE2FB27D67}.Debug|Any CPU.ActiveCfg = Debug|Any CPU
		{D60AA511-F81A-4B24-BFE8-BBFE2FB27D67}.Debug|Any CPU.Build.0 = Debug|Any CPU
		{D60AA511-F81A-4B24-BFE8-BBFE2FB27D67}.Release|Any CPU.ActiveCfg = Release|Any CPU
		{D60AA511-F81A-4B24-BFE8-BBFE2FB27D67}.Release|Any CPU.Build.0 = Release|Any CPU
		{4CE9E6CE-8451-4107-B363-E0B9169F0B2D}.Debug|Any CPU.ActiveCfg = Debug|Any CPU
		{4CE9E6CE-8451-4107-B363-E0B9169F0B2D}.Debug|Any CPU.Build.0 = Debug|Any CPU
		{4CE9E6CE-8451-4107-B363-E0B9169F0B2D}.Release|Any CPU.ActiveCfg = Release|Any CPU
		{4CE9E6CE-8451-4107-B363-E0B9169F0B2D}.Release|Any CPU.Build.0 = Release|Any CPU
		{700E00B5-BBC8-4E4D-AAAC-E819847D9767}.Debug|Any CPU.ActiveCfg = Debug|Any CPU
		{700E00B5-BBC8-4E4D-AAAC-E819847D9767}.Debug|Any CPU.Build.0 = Debug|Any CPU
		{700E00B5-BBC8-4E4D-AAAC-E819847D9767}.Release|Any CPU.ActiveCfg = Release|Any CPU
		{700E00B5-BBC8-4E4D-AAAC-E819847D9767}.Release|Any CPU.Build.0 = Release|Any CPU
		{35A93F64-750A-40F4-BD36-59AEB42B1FDB}.Debug|Any CPU.ActiveCfg = Debug|Any CPU
		{35A93F64-750A-40F4-BD36-59AEB42B1FDB}.Debug|Any CPU.Build.0 = Debug|Any CPU
		{35A93F64-750A-40F4-BD36-59AEB42B1FDB}.Release|Any CPU.ActiveCfg = Release|Any CPU
		{35A93F64-750A-40F4-BD36-59AEB42B1FDB}.Release|Any CPU.Build.0 = Release|Any CPU
		{D3929D48-C5E8-4BB6-95A5-D94534DC83AE}.Debug|Any CPU.ActiveCfg = Debug|Any CPU
		{D3929D48-C5E8-4BB6-95A5-D94534DC83AE}.Debug|Any CPU.Build.0 = Debug|Any CPU
		{D3929D48-C5E8-4BB6-95A5-D94534DC83AE}.Release|Any CPU.ActiveCfg = Release|Any CPU
		{D3929D48-C5E8-4BB6-95A5-D94534DC83AE}.Release|Any CPU.Build.0 = Release|Any CPU
	EndGlobalSection
	GlobalSection(SolutionProperties) = preSolution
		HideSolutionNode = FALSE
	EndGlobalSection
	GlobalSection(NestedProjects) = preSolution
		{D60AA511-F81A-4B24-BFE8-BBFE2FB27D67} = {CCDF2351-0266-4D81-B9E8-1E5E8D1CAC2D}
		{4CE9E6CE-8451-4107-B363-E0B9169F0B2D} = {683D9163-B033-4E4C-90D9-30BAB8A3887D}
		{700E00B5-BBC8-4E4D-AAAC-E819847D9767} = {683D9163-B033-4E4C-90D9-30BAB8A3887D}
		{CCDF2351-0266-4D81-B9E8-1E5E8D1CAC2D} = {3E1B952D-2D6B-4CF1-9444-C4CD32521721}
		{683D9163-B033-4E4C-90D9-30BAB8A3887D} = {3E1B952D-2D6B-4CF1-9444-C4CD32521721}
		{34492624-8C2C-47E3-A8FA-64386623F3B3} = {3E1B952D-2D6B-4CF1-9444-C4CD32521721}
		{238CD7D9-05E9-464F-AC54-683B73F32BE3} = {3E1B952D-2D6B-4CF1-9444-C4CD32521721}
		{35A93F64-750A-40F4-BD36-59AEB42B1FDB} = {238CD7D9-05E9-464F-AC54-683B73F32BE3}
		{D3929D48-C5E8-4BB6-95A5-D94534DC83AE} = {34492624-8C2C-47E3-A8FA-64386623F3B3}
	EndGlobalSection
EndGlobal
